PODS:
  - AFNetworking (4.0.1):
    - AFNetworking/NSURLSession (= 4.0.1)
    - AFNetworking/Reachability (= 4.0.1)
    - AFNetworking/Security (= 4.0.1)
    - AFNetworking/Serialization (= 4.0.1)
    - AFNetworking/UIKit (= 4.0.1)
  - AFNetworking/NSURLSession (4.0.1):
    - AFNetworking/Reachability
    - AFNetworking/Security
    - AFNetworking/Serialization
  - AFNetworking/Reachability (4.0.1)
  - AFNetworking/Security (4.0.1)
  - AFNetworking/Serialization (4.0.1)
  - AFNetworking/UIKit (4.0.1):
    - AFNetworking/NSURLSession
  - AgoraLog (0.0.1):
    - AFNetworking (= 4.0.1)
    - AliyunOSSiOS (= 2.10.8)
    - CocoaLumberjack (= 3.6.1)
  - AgoraReplay (0.0.1):
    - AgoraLog
    - Whiteboard (= 2.9.14)
  - AgoraReplayUI (0.0.1):
    - AgoraReplay
    - Whiteboard (= 2.9.14)
  - AgoraRtcEngine_iOS (2.9.0.107)
  - AgoraRtm_iOS (1.4.1)
  - AgoraWhiteBoard (0.0.1):
    - Whiteboard (= 2.9.14)
  - AlipaySDK-iOS (15.7.9)
  - AliyunOSSiOS (2.10.8)
  - BGFMDB (2.0.13):
    - BGFMDB/BG (= 2.0.13)
    - BGFMDB/FMDB (= 2.0.13)
  - BGFMDB/BG (2.0.13):
    - BGFMDB/FMDB
  - BGFMDB/FMDB (2.0.13)
  - BiometricAuthentication (3.1.2)
  - Charts (3.6.0):
    - Charts/Core (= 3.6.0)
  - Charts/Core (3.6.0)
  - CocoaLumberjack (3.6.1):
    - CocoaLumberjack/Core (= 3.6.1)
  - CocoaLumberjack/Core (3.6.1)
  - CYLTabBarController (1.28.5):
    - CYLTabBarController/Core (= 1.28.5)
  - CYLTabBarController/Core (1.28.5)
  - DateTools (2.0.0)
  - dsBridge (3.0.6)
  - DZNEmptyDataSet (1.8.1)
  - EAIntroView (2.12.0):
    - EARestrictedScrollView (~> 1.1.0)
  - EARestrictedScrollView (1.1.0)
  - EduSDK (0.0.1):
    - AgoraLog
    - AgoraRtcEngine_iOS (= 2.9.0.107)
    - AgoraRtm_iOS (= 1.4.1)
    - YYModel (= 1.0.4)
  - FDFullscreenPopGesture (1.1)
  - FLAnimatedImage (1.0.16)
  - HMSegmentedControl (1.5.6)
  - IGListDiffKit (4.0.0)
  - IGListKit (4.0.0):
    - IGListDiffKit (= 4.0.0)
  - IQKeyboardManager (6.5.6)
  - JXCategoryView (1.5.9)
  - JXPagingView/Pager (2.0.0)
  - Masonry (1.1.0)
  - MBProgressHUD (1.0.0)
  - MJRefresh (3.1.17)
  - MZAppearance (1.1.6)
  - MZFormSheetPresentationController (2.4.3):
    - MZAppearance
  - PPNumberButton (0.8.0)
  - QMUIKit (4.1.3):
    - QMUIKit/QMUIComponents (= 4.1.3)
    - QMUIKit/QMUICore (= 4.1.3)
    - QMUIKit/QMUILog (= 4.1.3)
    - QMUIKit/QMUIMainFrame (= 4.1.3)
    - QMUIKit/QMUIWeakObjectContainer (= 4.1.3)
  - QMUIKit/QMUIComponents (4.1.3):
    - QMUIKit/QMUIComponents/NavigationBarTransition (= 4.1.3)
    - QMUIKit/QMUIComponents/QMUIAlertController (= 4.1.3)
    - QMUIKit/QMUIComponents/QMUIAnimation (= 4.1.3)
    - QMUIKit/QMUIComponents/QMUIAppearance (= 4.1.3)
    - QMUIKit/QMUIComponents/QMUIAssetLibrary (= 4.1.3)
    - QMUIKit/QMUIComponents/QMUIBadge (= 4.1.3)
    - QMUIKit/QMUIComponents/QMUIButton (= 4.1.3)
    - QMUIKit/QMUIComponents/QMUICAAnimationExtension (= 4.1.3)
    - QMUIKit/QMUIComponents/QMUICALayerExtension (= 4.1.3)
    - QMUIKit/QMUIComponents/QMUICellHeightCache (= 4.1.3)
    - QMUIKit/QMUIComponents/QMUICellHeightKeyCache (= 4.1.3)
    - QMUIKit/QMUIComponents/QMUICellSizeKeyCache (= 4.1.3)
    - QMUIKit/QMUIComponents/QMUICollectionViewPagingLayout (= 4.1.3)
    - QMUIKit/QMUIComponents/QMUIConsole (= 4.1.3)
    - QMUIKit/QMUIComponents/QMUIDialogViewController (= 4.1.3)
    - QMUIKit/QMUIComponents/QMUIEmotionInputManager (= 4.1.3)
    - QMUIKit/QMUIComponents/QMUIEmotionView (= 4.1.3)
    - QMUIKit/QMUIComponents/QMUIEmptyView (= 4.1.3)
    - QMUIKit/QMUIComponents/QMUIFillButton (= 4.1.3)
    - QMUIKit/QMUIComponents/QMUIFloatLayoutView (= 4.1.3)
    - QMUIKit/QMUIComponents/QMUIGhostButton (= 4.1.3)
    - QMUIKit/QMUIComponents/QMUIGridView (= 4.1.3)
    - QMUIKit/QMUIComponents/QMUIImagePickerLibrary (= 4.1.3)
    - QMUIKit/QMUIComponents/QMUIImagePreviewView (= 4.1.3)
    - QMUIKit/QMUIComponents/QMUIKeyboardManager (= 4.1.3)
    - QMUIKit/QMUIComponents/QMUILabel (= 4.1.3)
    - QMUIKit/QMUIComponents/QMUILinkButton (= 4.1.3)
    - QMUIKit/QMUIComponents/QMUILogManagerViewController (= 4.1.3)
    - QMUIKit/QMUIComponents/QMUILogWithConfigurationSupported (= 4.1.3)
    - QMUIKit/QMUIComponents/QMUIMarqueeLabel (= 4.1.3)
    - QMUIKit/QMUIComponents/QMUIModalPresentationViewController (= 4.1.3)
    - QMUIKit/QMUIComponents/QMUIMoreOperationController (= 4.1.3)
    - QMUIKit/QMUIComponents/QMUIMultipleDelegates (= 4.1.3)
    - QMUIKit/QMUIComponents/QMUINavigationButton (= 4.1.3)
    - QMUIKit/QMUIComponents/QMUINavigationTitleView (= 4.1.3)
    - QMUIKit/QMUIComponents/QMUIOrderedDictionary (= 4.1.3)
    - QMUIKit/QMUIComponents/QMUIPieProgressView (= 4.1.3)
    - QMUIKit/QMUIComponents/QMUIPopupContainerView (= 4.1.3)
    - QMUIKit/QMUIComponents/QMUIPopupMenuView (= 4.1.3)
    - QMUIKit/QMUIComponents/QMUIScrollAnimator (= 4.1.3)
    - QMUIKit/QMUIComponents/QMUISearchBar (= 4.1.3)
    - QMUIKit/QMUIComponents/QMUISearchController (= 4.1.3)
    - QMUIKit/QMUIComponents/QMUISegmentedControl (= 4.1.3)
    - QMUIKit/QMUIComponents/QMUISlider (= 4.1.3)
    - QMUIKit/QMUIComponents/QMUIStaticTableView (= 4.1.3)
    - QMUIKit/QMUIComponents/QMUITableView (= 4.1.3)
    - QMUIKit/QMUIComponents/QMUITableViewCell (= 4.1.3)
    - QMUIKit/QMUIComponents/QMUITableViewHeaderFooterView (= 4.1.3)
    - QMUIKit/QMUIComponents/QMUITableViewProtocols (= 4.1.3)
    - QMUIKit/QMUIComponents/QMUITestView (= 4.1.3)
    - QMUIKit/QMUIComponents/QMUITextField (= 4.1.3)
    - QMUIKit/QMUIComponents/QMUITextView (= 4.1.3)
    - QMUIKit/QMUIComponents/QMUITheme (= 4.1.3)
    - QMUIKit/QMUIComponents/QMUITips (= 4.1.3)
    - QMUIKit/QMUIComponents/QMUIToastView (= 4.1.3)
    - QMUIKit/QMUIComponents/QMUIToolbarButton (= 4.1.3)
    - QMUIKit/QMUIComponents/QMUIVisualEffectView (= 4.1.3)
    - QMUIKit/QMUIComponents/QMUIWindowSizeMonitor (= 4.1.3)
    - QMUIKit/QMUIComponents/QMUIZoomImageView (= 4.1.3)
    - QMUIKit/QMUICore
  - QMUIKit/QMUIComponents/NavigationBarTransition (4.1.3):
    - QMUIKit/QMUIComponents/QMUINavigationTitleView
    - QMUIKit/QMUICore
    - QMUIKit/QMUIMainFrame
  - QMUIKit/QMUIComponents/QMUIAlertController (4.1.3):
    - QMUIKit/QMUIComponents/QMUIAppearance
    - QMUIKit/QMUIComponents/QMUIButton
    - QMUIKit/QMUIComponents/QMUIKeyboardManager
    - QMUIKit/QMUIComponents/QMUIModalPresentationViewController
    - QMUIKit/QMUIComponents/QMUITextField
    - QMUIKit/QMUICore
  - QMUIKit/QMUIComponents/QMUIAnimation (4.1.3):
    - QMUIKit/QMUICore
  - QMUIKit/QMUIComponents/QMUIAppearance (4.1.3):
    - QMUIKit/QMUICore
  - QMUIKit/QMUIComponents/QMUIAssetLibrary (4.1.3):
    - QMUIKit/QMUICore
  - QMUIKit/QMUIComponents/QMUIBadge (4.1.3):
    - QMUIKit/QMUIComponents/QMUILabel
    - QMUIKit/QMUICore
  - QMUIKit/QMUIComponents/QMUIButton (4.1.3):
    - QMUIKit/QMUICore
  - QMUIKit/QMUIComponents/QMUICAAnimationExtension (4.1.3):
    - QMUIKit/QMUIComponents/QMUIMultipleDelegates
    - QMUIKit/QMUICore
  - QMUIKit/QMUIComponents/QMUICALayerExtension (4.1.3):
    - QMUIKit/QMUIComponents/QMUIMultipleDelegates
    - QMUIKit/QMUICore
  - QMUIKit/QMUIComponents/QMUICellHeightCache (4.1.3):
    - QMUIKit/QMUIComponents/QMUITableViewProtocols
    - QMUIKit/QMUICore
  - QMUIKit/QMUIComponents/QMUICellHeightKeyCache (4.1.3):
    - QMUIKit/QMUIComponents/QMUIMultipleDelegates
    - QMUIKit/QMUIComponents/QMUITableViewProtocols
    - QMUIKit/QMUICore
  - QMUIKit/QMUIComponents/QMUICellSizeKeyCache (4.1.3):
    - QMUIKit/QMUIComponents/QMUIMultipleDelegates
    - QMUIKit/QMUICore
  - QMUIKit/QMUIComponents/QMUICollectionViewPagingLayout (4.1.3):
    - QMUIKit/QMUICore
  - QMUIKit/QMUIComponents/QMUIConsole (4.1.3):
    - QMUIKit/QMUIComponents/QMUIButton
    - QMUIKit/QMUIComponents/QMUICAAnimationExtension
    - QMUIKit/QMUIComponents/QMUIPopupMenuView
    - QMUIKit/QMUIComponents/QMUITextField
    - QMUIKit/QMUIComponents/QMUITextView
    - QMUIKit/QMUICore
  - QMUIKit/QMUIComponents/QMUIDialogViewController (4.1.3):
    - QMUIKit/QMUIComponents/QMUIAppearance
    - QMUIKit/QMUIComponents/QMUIButton
    - QMUIKit/QMUIComponents/QMUILabel
    - QMUIKit/QMUIComponents/QMUIModalPresentationViewController
    - QMUIKit/QMUIComponents/QMUINavigationTitleView
    - QMUIKit/QMUIComponents/QMUITableView
    - QMUIKit/QMUIComponents/QMUITableViewCell
    - QMUIKit/QMUIComponents/QMUITextField
    - QMUIKit/QMUICore
    - QMUIKit/QMUIMainFrame
  - QMUIKit/QMUIComponents/QMUIEmotionInputManager (4.1.3):
    - QMUIKit/QMUIComponents/QMUIEmotionView
    - QMUIKit/QMUICore
  - QMUIKit/QMUIComponents/QMUIEmotionView (4.1.3):
    - QMUIKit/QMUIComponents/QMUIButton
    - QMUIKit/QMUICore
  - QMUIKit/QMUIComponents/QMUIEmptyView (4.1.3):
    - QMUIKit/QMUIComponents/QMUIAppearance
    - QMUIKit/QMUIComponents/QMUIButton
    - QMUIKit/QMUICore
  - QMUIKit/QMUIComponents/QMUIFillButton (4.1.3):
    - QMUIKit/QMUIComponents/QMUIButton
    - QMUIKit/QMUICore
  - QMUIKit/QMUIComponents/QMUIFloatLayoutView (4.1.3):
    - QMUIKit/QMUICore
  - QMUIKit/QMUIComponents/QMUIGhostButton (4.1.3):
    - QMUIKit/QMUIComponents/QMUIButton
    - QMUIKit/QMUICore
  - QMUIKit/QMUIComponents/QMUIGridView (4.1.3):
    - QMUIKit/QMUICore
  - QMUIKit/QMUIComponents/QMUIImagePickerLibrary (4.1.3):
    - QMUIKit/QMUIComponents/QMUIAlertController
    - QMUIKit/QMUIComponents/QMUIAppearance
    - QMUIKit/QMUIComponents/QMUIAssetLibrary
    - QMUIKit/QMUIComponents/QMUIButton
    - QMUIKit/QMUIComponents/QMUIEmptyView
    - QMUIKit/QMUIComponents/QMUIImagePreviewView
    - QMUIKit/QMUIComponents/QMUINavigationButton
    - QMUIKit/QMUIComponents/QMUITableViewCell
    - QMUIKit/QMUIComponents/QMUIZoomImageView
    - QMUIKit/QMUICore
    - QMUIKit/QMUIMainFrame
  - QMUIKit/QMUIComponents/QMUIImagePreviewView (4.1.3):
    - QMUIKit/QMUIComponents/QMUIAppearance
    - QMUIKit/QMUIComponents/QMUIButton
    - QMUIKit/QMUIComponents/QMUICollectionViewPagingLayout
    - QMUIKit/QMUIComponents/QMUIEmptyView
    - QMUIKit/QMUIComponents/QMUIPieProgressView
    - QMUIKit/QMUIComponents/QMUIZoomImageView
    - QMUIKit/QMUICore
    - QMUIKit/QMUIMainFrame
  - QMUIKit/QMUIComponents/QMUIKeyboardManager (4.1.3):
    - QMUIKit/QMUICore
  - QMUIKit/QMUIComponents/QMUILabel (4.1.3):
    - QMUIKit/QMUICore
  - QMUIKit/QMUIComponents/QMUILinkButton (4.1.3):
    - QMUIKit/QMUIComponents/QMUIButton
    - QMUIKit/QMUICore
  - QMUIKit/QMUIComponents/QMUILogManagerViewController (4.1.3):
    - QMUIKit/QMUIComponents/QMUIPopupMenuView
    - QMUIKit/QMUIComponents/QMUISearchController
    - QMUIKit/QMUIComponents/QMUIStaticTableView
    - QMUIKit/QMUIComponents/QMUITableView
    - QMUIKit/QMUICore
    - QMUIKit/QMUIMainFrame
  - QMUIKit/QMUIComponents/QMUILogWithConfigurationSupported (4.1.3):
    - QMUIKit/QMUICore
  - QMUIKit/QMUIComponents/QMUIMarqueeLabel (4.1.3):
    - QMUIKit/QMUICore
  - QMUIKit/QMUIComponents/QMUIModalPresentationViewController (4.1.3):
    - QMUIKit/QMUIComponents/QMUIAppearance
    - QMUIKit/QMUIComponents/QMUIKeyboardManager
    - QMUIKit/QMUICore
  - QMUIKit/QMUIComponents/QMUIMoreOperationController (4.1.3):
    - QMUIKit/QMUIComponents/QMUIAppearance
    - QMUIKit/QMUIComponents/QMUIButton
    - QMUIKit/QMUIComponents/QMUIModalPresentationViewController
    - QMUIKit/QMUICore
  - QMUIKit/QMUIComponents/QMUIMultipleDelegates (4.1.3):
    - QMUIKit/QMUICore
  - QMUIKit/QMUIComponents/QMUINavigationButton (4.1.3):
    - QMUIKit/QMUICore
    - QMUIKit/QMUIMainFrame
  - QMUIKit/QMUIComponents/QMUINavigationTitleView (4.1.3):
    - QMUIKit/QMUIComponents/QMUIAppearance
    - QMUIKit/QMUIComponents/QMUIButton
    - QMUIKit/QMUICore
  - QMUIKit/QMUIComponents/QMUIOrderedDictionary (4.1.3):
    - QMUIKit/QMUICore
  - QMUIKit/QMUIComponents/QMUIPieProgressView (4.1.3):
    - QMUIKit/QMUICore
  - QMUIKit/QMUIComponents/QMUIPopupContainerView (4.1.3):
    - QMUIKit/QMUIComponents/QMUIAppearance
    - QMUIKit/QMUICore
    - QMUIKit/QMUIMainFrame
  - QMUIKit/QMUIComponents/QMUIPopupMenuView (4.1.3):
    - QMUIKit/QMUIComponents/QMUIButton
    - QMUIKit/QMUIComponents/QMUIPopupContainerView
    - QMUIKit/QMUICore
  - QMUIKit/QMUIComponents/QMUIScrollAnimator (4.1.3):
    - QMUIKit/QMUIComponents/QMUIMultipleDelegates
    - QMUIKit/QMUICore
  - QMUIKit/QMUIComponents/QMUISearchBar (4.1.3):
    - QMUIKit/QMUICore
  - QMUIKit/QMUIComponents/QMUISearchController (4.1.3):
    - QMUIKit/QMUIComponents/QMUIEmptyView
    - QMUIKit/QMUIComponents/QMUISearchBar
    - QMUIKit/QMUICore
    - QMUIKit/QMUIMainFrame
  - QMUIKit/QMUIComponents/QMUISegmentedControl (4.1.3):
    - QMUIKit/QMUICore
  - QMUIKit/QMUIComponents/QMUISlider (4.1.3):
    - QMUIKit/QMUICore
  - QMUIKit/QMUIComponents/QMUIStaticTableView (4.1.3):
    - QMUIKit/QMUIComponents/QMUIMultipleDelegates
    - QMUIKit/QMUIComponents/QMUITableViewCell
    - QMUIKit/QMUICore
  - QMUIKit/QMUIComponents/QMUITableView (4.1.3):
    - QMUIKit/QMUIComponents/QMUITableViewProtocols
    - QMUIKit/QMUICore
  - QMUIKit/QMUIComponents/QMUITableViewCell (4.1.3):
    - QMUIKit/QMUIComponents/QMUIButton
    - QMUIKit/QMUICore
  - QMUIKit/QMUIComponents/QMUITableViewHeaderFooterView (4.1.3):
    - QMUIKit/QMUICore
  - QMUIKit/QMUIComponents/QMUITableViewProtocols (4.1.3):
    - QMUIKit/QMUICore
  - QMUIKit/QMUIComponents/QMUITestView (4.1.3):
    - QMUIKit/QMUICore
  - QMUIKit/QMUIComponents/QMUITextField (4.1.3):
    - QMUIKit/QMUIComponents/QMUIMultipleDelegates
    - QMUIKit/QMUICore
  - QMUIKit/QMUIComponents/QMUITextView (4.1.3):
    - QMUIKit/QMUIComponents/QMUILabel
    - QMUIKit/QMUIComponents/QMUIMultipleDelegates
    - QMUIKit/QMUICore
  - QMUIKit/QMUIComponents/QMUITheme (4.1.3):
    - QMUIKit/QMUIComponents/QMUIAlertController
    - QMUIKit/QMUIComponents/QMUIButton
    - QMUIKit/QMUIComponents/QMUIConsole
    - QMUIKit/QMUIComponents/QMUIEmotionView
    - QMUIKit/QMUIComponents/QMUIEmptyView
    - QMUIKit/QMUIComponents/QMUIFillButton
    - QMUIKit/QMUIComponents/QMUIGhostButton
    - QMUIKit/QMUIComponents/QMUIGridView
    - QMUIKit/QMUIComponents/QMUIImagePickerLibrary
    - QMUIKit/QMUIComponents/QMUIImagePreviewView
    - QMUIKit/QMUIComponents/QMUILabel
    - QMUIKit/QMUIComponents/QMUILinkButton
    - QMUIKit/QMUIComponents/QMUIModalPresentationViewController
    - QMUIKit/QMUIComponents/QMUIPopupContainerView
    - QMUIKit/QMUIComponents/QMUIPopupMenuView
    - QMUIKit/QMUIComponents/QMUISlider
    - QMUIKit/QMUIComponents/QMUITextField
    - QMUIKit/QMUIComponents/QMUITextView
    - QMUIKit/QMUIComponents/QMUIToastView
    - QMUIKit/QMUIComponents/QMUIVisualEffectView
    - QMUIKit/QMUICore
  - QMUIKit/QMUIComponents/QMUITips (4.1.3):
    - QMUIKit/QMUIComponents/QMUIToastView
    - QMUIKit/QMUICore
  - QMUIKit/QMUIComponents/QMUIToastView (4.1.3):
    - QMUIKit/QMUIComponents/QMUIKeyboardManager
    - QMUIKit/QMUIComponents/QMUIVisualEffectView
    - QMUIKit/QMUICore
  - QMUIKit/QMUIComponents/QMUIToolbarButton (4.1.3):
    - QMUIKit/QMUICore
  - QMUIKit/QMUIComponents/QMUIVisualEffectView (4.1.3):
    - QMUIKit/QMUIComponents/QMUICALayerExtension
    - QMUIKit/QMUICore
  - QMUIKit/QMUIComponents/QMUIWindowSizeMonitor (4.1.3):
    - QMUIKit/QMUICore
  - QMUIKit/QMUIComponents/QMUIZoomImageView (4.1.3):
    - QMUIKit/QMUIComponents/QMUIAssetLibrary
    - QMUIKit/QMUIComponents/QMUIButton
    - QMUIKit/QMUIComponents/QMUIEmptyView
    - QMUIKit/QMUIComponents/QMUIPieProgressView
    - QMUIKit/QMUIComponents/QMUISlider
    - QMUIKit/QMUICore
  - QMUIKit/QMUICore (4.1.3):
    - QMUIKit/QMUILog
    - QMUIKit/QMUIWeakObjectContainer
  - QMUIKit/QMUILog (4.1.3)
  - QMUIKit/QMUIMainFrame (4.1.3):
    - QMUIKit/QMUIComponents/QMUIEmptyView
    - QMUIKit/QMUIComponents/QMUIKeyboardManager
    - QMUIKit/QMUIComponents/QMUIMultipleDelegates
    - QMUIKit/QMUIComponents/QMUINavigationTitleView
    - QMUIKit/QMUIComponents/QMUITableView
    - QMUIKit/QMUIComponents/QMUITableViewHeaderFooterView
    - QMUIKit/QMUICore
    - QMUIKit/QMUILog
  - QMUIKit/QMUIWeakObjectContainer (4.1.3)
  - R.swift (5.4.0):
    - R.swift.Library (~> 5.3.0)
  - R.swift.Library (5.3.0)
  - RRSwipeCell (0.1.1)
  - RxCocoa (6.2.0):
    - RxRelay (= 6.2.0)
    - RxSwift (= 6.2.0)
  - RxRelay (6.2.0):
    - RxSwift (= 6.2.0)
  - RxSwift (6.2.0)
  - SDCycleScrollView (1.82):
    - SDWebImage (>= 5.0.0)
  - SDWebImage (5.11.1):
    - SDWebImage/Core (= 5.11.1)
  - SDWebImage/Core (5.11.1)
  - SGQRCode (3.0.1)
  - SnapKit (5.0.1)
  - SocketRocket (0.5.1)
  - SVProgressHUD (2.1.2)
  - Toast-Swift (5.0.1)
  - TZImagePickerController (3.2.9)
  - UICKeyChainStore (2.2.1)
  - Whiteboard (2.9.14):
    - Whiteboard/Base (= 2.9.14)
    - Whiteboard/Converter (= 2.9.14)
    - Whiteboard/NativeReplayer (= 2.9.14)
    - Whiteboard/Object (= 2.9.14)
    - Whiteboard/Replayer (= 2.9.14)
    - Whiteboard/Room (= 2.9.14)
  - Whiteboard/Base (2.9.14):
    - dsBridge (~> 3.0.2)
    - Whiteboard/Object
  - Whiteboard/Converter (2.9.14):
    - Whiteboard/Object
  - Whiteboard/NativeReplayer (2.9.14):
    - Whiteboard/Replayer
  - Whiteboard/Object (2.9.14):
    - YYModel (~> 1.0.4)
  - Whiteboard/Replayer (2.9.14):
    - Whiteboard/Base
  - Whiteboard/Room (2.9.14):
    - Whiteboard/Base
  - WMPageController (2.5.2)
  - XHLaunchAd (3.9.12):
    - FLAnimatedImage (~> 1.0.12)
  - XLForm (4.1.0)
  - YTKNetwork (3.0.6):
    - AFNetworking/NSURLSession (~> 4.0)
  - YYCategories (1.0.4):
    - YYCategories/no-arc (= 1.0.4)
  - YYCategories/no-arc (1.0.4)
  - YYModel (1.0.4)
  - YYText (1.0.7)

DEPENDENCIES:
  - AgoraLog (from `Modules/AgoraLog/AgoraLog.podspec`)
  - AgoraReplay (from `Modules/AgoraReplay/AgoraReplay.podspec`)
  - AgoraReplayUI (from `Modules/AgoraReplayUI/AgoraReplayUI.podspec`)
  - AgoraWhiteBoard (from `Modules/AgoraWhiteBoard/AgoraWhiteBoard.podspec`)
  - AlipaySDK-iOS
  - BGFMDB (~> 2.0.9)
  - BiometricAuthentication
  - Charts
  - CYLTabBarController (~> 1.28.4)
  - DateTools (~> 2.0.0)
  - DZNEmptyDataSet (~> 1.8.1)
  - EAIntroView (~> 2.12.0)
  - EduSDK (from `Modules/EduSDK/EduSDK.podspec`)
  - FDFullscreenPopGesture (~> 1.1)
  - HMSegmentedControl (~> 1.5.3)
  - IGListKit (~> 4.0.0)
  - IQKeyboardManager (~> 6.5.4)
  - JXCategoryView (~> 1.5.5)
  - JXPagingView/Pager (~> 2.0.0.0)
  - Masonry (~> 1.1.0)
  - MBProgressHUD (~> 1.0.0)
  - MJRefresh (~> 3.1.12)
  - MZFormSheetPresentationController (~> 2.4.3)
  - PPNumberButton (~> 0.8.0)
  - QMUIKit (~> 4.1.3)
  - R.swift
  - RRSwipeCell (~> 0.1.1)
  - RxCocoa
  - RxSwift
  - SDCycleScrollView (~> 1.80)
  - SGQRCode (~> 3.0.1)
  - SnapKit
  - SocketRocket (~> 0.5.1)
  - SVProgressHUD (~> 2.1.2)
  - Toast-Swift (~> 5.0.1)
  - TZImagePickerController (~> 3.2.7)
  - UICKeyChainStore (~> 2.2.1)
  - WMPageController (~> 2.5.2)
  - XHLaunchAd (~> 3.9.8)
  - XLForm (~> 4.1.0)
  - YTKNetwork (~> 3.0.5)
  - YYCategories (~> 1.0.4)
  - YYModel (~> 1.0.4)
  - YYText (~> 1.0.7)

SPEC REPOS:
  https://mirrors.tuna.tsinghua.edu.cn/git/CocoaPods/Specs.git:
    - AFNetworking
    - AgoraRtcEngine_iOS
    - AgoraRtm_iOS
    - AlipaySDK-iOS
    - AliyunOSSiOS
    - BGFMDB
    - BiometricAuthentication
    - Charts
    - CocoaLumberjack
    - CYLTabBarController
    - DateTools
    - dsBridge
    - DZNEmptyDataSet
    - EAIntroView
    - EARestrictedScrollView
    - FDFullscreenPopGesture
    - FLAnimatedImage
    - HMSegmentedControl
    - IGListDiffKit
    - IGListKit
    - IQKeyboardManager
    - JXCategoryView
    - JXPagingView
    - Masonry
    - MBProgressHUD
    - MJRefresh
    - MZAppearance
    - MZFormSheetPresentationController
    - PPNumberButton
    - QMUIKit
    - R.swift
    - R.swift.Library
    - RRSwipeCell
    - RxCocoa
    - RxRelay
    - RxSwift
    - SDCycleScrollView
    - SDWebImage
    - SGQRCode
    - SnapKit
    - SocketRocket
    - SVProgressHUD
    - Toast-Swift
    - TZImagePickerController
    - UICKeyChainStore
    - Whiteboard
    - WMPageController
    - XHLaunchAd
    - XLForm
    - YTKNetwork
    - YYCategories
    - YYModel
    - YYText

EXTERNAL SOURCES:
  AgoraLog:
    :path: Modules/AgoraLog/AgoraLog.podspec
  AgoraReplay:
    :path: Modules/AgoraReplay/AgoraReplay.podspec
  AgoraReplayUI:
    :path: Modules/AgoraReplayUI/AgoraReplayUI.podspec
  AgoraWhiteBoard:
    :path: Modules/AgoraWhiteBoard/AgoraWhiteBoard.podspec
  EduSDK:
    :path: Modules/EduSDK/EduSDK.podspec

SPEC CHECKSUMS:
  AFNetworking: 7864c38297c79aaca1500c33288e429c3451fdce
  AgoraLog: 9aef28472df50c6ddc6ff6911ec0838186861bd2
  AgoraReplay: 401918ed219aee6c52e6f7153e4ef9e6d52d7f66
  AgoraReplayUI: b8ec6e83d37920b1d5c4b20a9941e35c1653cb75
  AgoraRtcEngine_iOS: f295cc362f18a98a59464c7485a1de1dad4847f2
  AgoraRtm_iOS: 3a5b675487b39e51f416e8c8a040f97f0aaad2c1
  AgoraWhiteBoard: 20f727ce0fe9a585e3a4ba916fe5b222d75c30b1
  AlipaySDK-iOS: 94ff4c0e17c5e7d126b8207596d5033006534c25
  AliyunOSSiOS: 8db92936545593b9e5c66d680ef2ac0738946651
  BGFMDB: 48e6823027232402a678acc7f71484b1fc9171d0
  BiometricAuthentication: 36445f3ab77699489f91995bed887be89890afac
  Charts: b1e3a1f5a1c9ba5394438ca3b91bd8c9076310af
  CocoaLumberjack: b17ae15142558d08bbacf69775fa10c4abbebcc9
  CYLTabBarController: edd9fecba9afa3f2e9e44ed50ca6dde69941f25f
  DateTools: 933ac9c490f21f92127cf690ccd8c397e0126caf
  dsBridge: 48b62ee8a411ad601a88d6f6c8cf6cb634b206b7
  DZNEmptyDataSet: 9525833b9e68ac21c30253e1d3d7076cc828eaa7
  EAIntroView: 249559079ddfdbe80e5bcb755c04c3b964b2ac27
  EARestrictedScrollView: b0c2a3f92fb2610bb44d71c5e4893777c89e45ef
  EduSDK: e07fb42c109d8965cf03090ac4d25e5ce3991e57
  FDFullscreenPopGesture: a8a620179e3d9c40e8e00256dcee1c1a27c6d0f0
  FLAnimatedImage: 8f3e854ebf9680b71f0b6e700939687fc4d82b4b
  HMSegmentedControl: 34c1f54d822d8308e7b24f5d901ec674dfa31352
  IGListDiffKit: 665d6cf43ce726e676013db9c7d6c4294259b6b2
  IGListKit: fd5a5d21935298f5849fa49d426843cff97b77c7
  IQKeyboardManager: 2a6e97afdafc7becf0cb17a9a8d795e3a980717f
  JXCategoryView: 2ef9ecfd3735158d009ce02d1f29811aa822da65
  JXPagingView: da30adb74743852f7ef95fa894041953894ebd09
  Masonry: 678fab65091a9290e40e2832a55e7ab731aad201
  MBProgressHUD: 4890f671c94e8a0f3cf959aa731e9de2f036d71a
  MJRefresh: ee5b68f639775462faba4db0fd243baf4d42c2cf
  MZAppearance: 0c06d3fa9cc55142f1da14bc8631fbe8fd6e19d5
  MZFormSheetPresentationController: fbfdbad31884f16fac17fbe3c44c168306cc1095
  PPNumberButton: 4442ff64c21d91733057ca1b3dc05fb4df55f2c0
  QMUIKit: 1063a99f90aedd6e2dd65026ce0df46e6785e67b
  R.swift: c533450b0f7dc494e0993f5f1a1db925d84c3006
  R.swift.Library: 0fc583cb55a99e28901299cc451614cad1161962
  RRSwipeCell: 28eb4c1201a3f12ed66184b803492c512d6ceba4
  RxCocoa: 4baf94bb35f2c0ab31bc0cb9f1900155f646ba42
  RxRelay: e72dbfd157807478401ef1982e1c61c945c94b2f
  RxSwift: d356ab7bee873611322f134c5f9ef379fa183d8f
  SDCycleScrollView: a0d74c3384caa72bdfc81470bdbc8c14b3e1fbcf
  SDWebImage: a7f831e1a65eb5e285e3fb046a23fcfbf08e696d
  SGQRCode: bf02d60e18d6660a9d75ff1c8b9b467f064f054e
  SnapKit: 97b92857e3df3a0c71833cce143274bf6ef8e5eb
  SocketRocket: d57c7159b83c3c6655745cd15302aa24b6bae531
  SVProgressHUD: c404a55d78acbeb7ebb78b76d3faf986475a6994
  Toast-Swift: 9b6a70f28b3bf0b96c40d46c0c4b9d6639846711
  TZImagePickerController: 1f92968aa0e98a06b9e2eccca8560acc19254257
  UICKeyChainStore: ba3bff2c762b12db1e516f395c837dd25298b05e
  Whiteboard: edbe3ed753dc9a457a38718834d7bf16fdfd3980
  WMPageController: 0c7624d2b48e4f1ab92371688cf6744ed701575d
  XHLaunchAd: 6320f9c68732667323072fc3a5f104e40fbe9cfe
  XLForm: 7ee02761be8a369d1ad1bbffe738b97083d94f3e
  YTKNetwork: c16be90b06be003de9e9cd0d3b187cc8eaf35c04
  YYCategories: 6bcd4314c6661a561410dce4a793379ebd306abd
  YYModel: 2a7fdd96aaa4b86a824e26d0c517de8928c04b30
  YYText: 5c461d709e24d55a182d1441c41dc639a18a4849

PODFILE CHECKSUM: 53f23d4a26afa823ff440677adfec97a42825152

COCOAPODS: 1.10.1
