PODS:
  - AFNetworking/NSURLSession (4.0.1):
    - AFNetworking/Reachability
    - AFNetworking/Security
    - AFNetworking/Serialization
  - AFNetworking/Reachability (4.0.1)
  - AFNetworking/Security (4.0.1)
  - AFNetworking/Serialization (4.0.1)
  - AlipaySDK-iOS (15.7.4)
  - BGFMDB (2.0.13):
    - BGFMDB/BG (= 2.0.13)
    - BGFMDB/FMDB (= 2.0.13)
  - BGFMDB/BG (2.0.13):
    - BGFMDB/FMDB
  - BGFMDB/FMDB (2.0.13)
  - BiometricAuthentication (3.1.2)
  - CYLTabBarController (1.28.5):
    - CYLTabBarController/Core (= 1.28.5)
  - CYLTabBarController/Core (1.28.5)
  - DateTools (2.0.0)
  - DBDebugToolkit (0.4.0)
  - DZNEmptyDataSet (1.8.1)
  - EAIntroView (2.12.0):
    - EARestrictedScrollView (~> 1.1.0)
  - EARestrictedScrollView (1.1.0)
  - FDFullscreenPopGesture (1.1)
  - FLAnimatedImage (1.0.12)
  - HMSegmentedControl (1.5.5)
  - IGListDiffKit (4.0.0)
  - IGListKit (4.0.0):
    - IGListDiffKit (= 4.0.0)
  - IQKeyboardManager (6.5.5)
  - JXCategoryView (1.5.5)
  - JXPagingView/Pager (2.0.0)
  - Masonry (1.1.0)
  - MBProgressHUD (1.0.0)
  - MJRefresh (3.1.17)
  - MZAppearance (1.1.6)
  - MZFormSheetPresentationController (2.4.3):
    - MZAppearance
  - PPNumberButton (0.8.0)
  - QMUIKit (4.3.0):
    - QMUIKit/QMUIComponents (= 4.3.0)
    - QMUIKit/QMUICore (= 4.3.0)
    - QMUIKit/QMUILog (= 4.3.0)
    - QMUIKit/QMUIMainFrame (= 4.3.0)
    - QMUIKit/QMUIResources (= 4.3.0)
    - QMUIKit/QMUIWeakObjectContainer (= 4.3.0)
  - QMUIKit/QMUIComponents (4.3.0):
    - QMUIKit/QMUIComponents/NavigationBarTransition (= 4.3.0)
    - QMUIKit/QMUIComponents/QMUIAlertController (= 4.3.0)
    - QMUIKit/QMUIComponents/QMUIAnimation (= 4.3.0)
    - QMUIKit/QMUIComponents/QMUIAppearance (= 4.3.0)
    - QMUIKit/QMUIComponents/QMUIAssetLibrary (= 4.3.0)
    - QMUIKit/QMUIComponents/QMUIBadge (= 4.3.0)
    - QMUIKit/QMUIComponents/QMUIButton (= 4.3.0)
    - QMUIKit/QMUIComponents/QMUICAAnimationExtension (= 4.3.0)
    - QMUIKit/QMUIComponents/QMUICALayerExtension (= 4.3.0)
    - QMUIKit/QMUIComponents/QMUICellHeightCache (= 4.3.0)
    - QMUIKit/QMUIComponents/QMUICellHeightKeyCache (= 4.3.0)
    - QMUIKit/QMUIComponents/QMUICellSizeKeyCache (= 4.3.0)
    - QMUIKit/QMUIComponents/QMUICollectionViewPagingLayout (= 4.3.0)
    - QMUIKit/QMUIComponents/QMUIConsole (= 4.3.0)
    - QMUIKit/QMUIComponents/QMUIDialogViewController (= 4.3.0)
    - QMUIKit/QMUIComponents/QMUIEmotionInputManager (= 4.3.0)
    - QMUIKit/QMUIComponents/QMUIEmotionView (= 4.3.0)
    - QMUIKit/QMUIComponents/QMUIEmptyView (= 4.3.0)
    - QMUIKit/QMUIComponents/QMUIFillButton (= 4.3.0)
    - QMUIKit/QMUIComponents/QMUIFloatLayoutView (= 4.3.0)
    - QMUIKit/QMUIComponents/QMUIGhostButton (= 4.3.0)
    - QMUIKit/QMUIComponents/QMUIGridView (= 4.3.0)
    - QMUIKit/QMUIComponents/QMUIImagePickerLibrary (= 4.3.0)
    - QMUIKit/QMUIComponents/QMUIImagePreviewView (= 4.3.0)
    - QMUIKit/QMUIComponents/QMUIKeyboardManager (= 4.3.0)
    - QMUIKit/QMUIComponents/QMUILabel (= 4.3.0)
    - QMUIKit/QMUIComponents/QMUILogManagerViewController (= 4.3.0)
    - QMUIKit/QMUIComponents/QMUILogWithConfigurationSupported (= 4.3.0)
    - QMUIKit/QMUIComponents/QMUIMarqueeLabel (= 4.3.0)
    - QMUIKit/QMUIComponents/QMUIModalPresentationViewController (= 4.3.0)
    - QMUIKit/QMUIComponents/QMUIMoreOperationController (= 4.3.0)
    - QMUIKit/QMUIComponents/QMUIMultipleDelegates (= 4.3.0)
    - QMUIKit/QMUIComponents/QMUINavigationButton (= 4.3.0)
    - QMUIKit/QMUIComponents/QMUINavigationTitleView (= 4.3.0)
    - QMUIKit/QMUIComponents/QMUIOrderedDictionary (= 4.3.0)
    - QMUIKit/QMUIComponents/QMUIPieProgressView (= 4.3.0)
    - QMUIKit/QMUIComponents/QMUIPopupContainerView (= 4.3.0)
    - QMUIKit/QMUIComponents/QMUIPopupMenuView (= 4.3.0)
    - QMUIKit/QMUIComponents/QMUIScrollAnimator (= 4.3.0)
    - QMUIKit/QMUIComponents/QMUISearchBar (= 4.3.0)
    - QMUIKit/QMUIComponents/QMUISearchController (= 4.3.0)
    - QMUIKit/QMUIComponents/QMUISegmentedControl (= 4.3.0)
    - QMUIKit/QMUIComponents/QMUISlider (= 4.3.0)
    - QMUIKit/QMUIComponents/QMUIStaticTableView (= 4.3.0)
    - QMUIKit/QMUIComponents/QMUITableView (= 4.3.0)
    - QMUIKit/QMUIComponents/QMUITableViewCell (= 4.3.0)
    - QMUIKit/QMUIComponents/QMUITableViewHeaderFooterView (= 4.3.0)
    - QMUIKit/QMUIComponents/QMUITableViewProtocols (= 4.3.0)
    - QMUIKit/QMUIComponents/QMUITestView (= 4.3.0)
    - QMUIKit/QMUIComponents/QMUITextField (= 4.3.0)
    - QMUIKit/QMUIComponents/QMUITextView (= 4.3.0)
    - QMUIKit/QMUIComponents/QMUITheme (= 4.3.0)
    - QMUIKit/QMUIComponents/QMUITips (= 4.3.0)
    - QMUIKit/QMUIComponents/QMUIToastView (= 4.3.0)
    - QMUIKit/QMUIComponents/QMUIToolbarButton (= 4.3.0)
    - QMUIKit/QMUIComponents/QMUIWindowSizeMonitor (= 4.3.0)
    - QMUIKit/QMUIComponents/QMUIZoomImageView (= 4.3.0)
    - QMUIKit/QMUICore
  - QMUIKit/QMUIComponents/NavigationBarTransition (4.3.0):
    - QMUIKit/QMUIComponents/QMUINavigationTitleView
    - QMUIKit/QMUICore
    - QMUIKit/QMUIMainFrame
  - QMUIKit/QMUIComponents/QMUIAlertController (4.3.0):
    - QMUIKit/QMUIComponents/QMUIAppearance
    - QMUIKit/QMUIComponents/QMUIButton
    - QMUIKit/QMUIComponents/QMUIKeyboardManager
    - QMUIKit/QMUIComponents/QMUILabel
    - QMUIKit/QMUIComponents/QMUIModalPresentationViewController
    - QMUIKit/QMUIComponents/QMUITextField
    - QMUIKit/QMUICore
  - QMUIKit/QMUIComponents/QMUIAnimation (4.3.0):
    - QMUIKit/QMUICore
  - QMUIKit/QMUIComponents/QMUIAppearance (4.3.0):
    - QMUIKit/QMUICore
  - QMUIKit/QMUIComponents/QMUIAssetLibrary (4.3.0):
    - QMUIKit/QMUICore
  - QMUIKit/QMUIComponents/QMUIBadge (4.3.0):
    - QMUIKit/QMUIComponents/QMUILabel
    - QMUIKit/QMUICore
  - QMUIKit/QMUIComponents/QMUIButton (4.3.0):
    - QMUIKit/QMUICore
  - QMUIKit/QMUIComponents/QMUICAAnimationExtension (4.3.0):
    - QMUIKit/QMUIComponents/QMUIMultipleDelegates
    - QMUIKit/QMUICore
  - QMUIKit/QMUIComponents/QMUICALayerExtension (4.3.0):
    - QMUIKit/QMUIComponents/QMUIMultipleDelegates
    - QMUIKit/QMUICore
  - QMUIKit/QMUIComponents/QMUICellHeightCache (4.3.0):
    - QMUIKit/QMUIComponents/QMUITableViewProtocols
    - QMUIKit/QMUICore
  - QMUIKit/QMUIComponents/QMUICellHeightKeyCache (4.3.0):
    - QMUIKit/QMUIComponents/QMUIMultipleDelegates
    - QMUIKit/QMUIComponents/QMUITableViewProtocols
    - QMUIKit/QMUICore
  - QMUIKit/QMUIComponents/QMUICellSizeKeyCache (4.3.0):
    - QMUIKit/QMUIComponents/QMUIMultipleDelegates
    - QMUIKit/QMUICore
  - QMUIKit/QMUIComponents/QMUICollectionViewPagingLayout (4.3.0):
    - QMUIKit/QMUICore
  - QMUIKit/QMUIComponents/QMUIConsole (4.3.0):
    - QMUIKit/QMUIComponents/QMUIButton
    - QMUIKit/QMUIComponents/QMUICAAnimationExtension
    - QMUIKit/QMUIComponents/QMUICellHeightKeyCache
    - QMUIKit/QMUIComponents/QMUIPopupMenuView
    - QMUIKit/QMUIComponents/QMUITableView
    - QMUIKit/QMUIComponents/QMUITableViewCell
    - QMUIKit/QMUIComponents/QMUITextField
    - QMUIKit/QMUIComponents/QMUITextView
    - QMUIKit/QMUICore
    - QMUIKit/QMUIResources
  - QMUIKit/QMUIComponents/QMUIDialogViewController (4.3.0):
    - QMUIKit/QMUIComponents/QMUIAppearance
    - QMUIKit/QMUIComponents/QMUIButton
    - QMUIKit/QMUIComponents/QMUILabel
    - QMUIKit/QMUIComponents/QMUIModalPresentationViewController
    - QMUIKit/QMUIComponents/QMUINavigationTitleView
    - QMUIKit/QMUIComponents/QMUITableView
    - QMUIKit/QMUIComponents/QMUITableViewCell
    - QMUIKit/QMUIComponents/QMUITextField
    - QMUIKit/QMUICore
    - QMUIKit/QMUIMainFrame
  - QMUIKit/QMUIComponents/QMUIEmotionInputManager (4.3.0):
    - QMUIKit/QMUIComponents/QMUIEmotionView
    - QMUIKit/QMUICore
  - QMUIKit/QMUIComponents/QMUIEmotionView (4.3.0):
    - QMUIKit/QMUIComponents/QMUIButton
    - QMUIKit/QMUICore
    - QMUIKit/QMUIResources
  - QMUIKit/QMUIComponents/QMUIEmptyView (4.3.0):
    - QMUIKit/QMUIComponents/QMUIAppearance
    - QMUIKit/QMUIComponents/QMUIButton
    - QMUIKit/QMUICore
  - QMUIKit/QMUIComponents/QMUIFillButton (4.3.0):
    - QMUIKit/QMUIComponents/QMUIButton
    - QMUIKit/QMUICore
  - QMUIKit/QMUIComponents/QMUIFloatLayoutView (4.3.0):
    - QMUIKit/QMUICore
  - QMUIKit/QMUIComponents/QMUIGhostButton (4.3.0):
    - QMUIKit/QMUIComponents/QMUIButton
    - QMUIKit/QMUICore
  - QMUIKit/QMUIComponents/QMUIGridView (4.3.0):
    - QMUIKit/QMUICore
  - QMUIKit/QMUIComponents/QMUIImagePickerLibrary (4.3.0):
    - QMUIKit/QMUIComponents/QMUIAlertController
    - QMUIKit/QMUIComponents/QMUIAppearance
    - QMUIKit/QMUIComponents/QMUIAssetLibrary
    - QMUIKit/QMUIComponents/QMUIButton
    - QMUIKit/QMUIComponents/QMUIEmptyView
    - QMUIKit/QMUIComponents/QMUIImagePreviewView
    - QMUIKit/QMUIComponents/QMUINavigationButton
    - QMUIKit/QMUIComponents/QMUITableViewCell
    - QMUIKit/QMUIComponents/QMUIZoomImageView
    - QMUIKit/QMUICore
    - QMUIKit/QMUIMainFrame
    - QMUIKit/QMUIResources
  - QMUIKit/QMUIComponents/QMUIImagePreviewView (4.3.0):
    - QMUIKit/QMUIComponents/QMUIAppearance
    - QMUIKit/QMUIComponents/QMUIButton
    - QMUIKit/QMUIComponents/QMUICollectionViewPagingLayout
    - QMUIKit/QMUIComponents/QMUIEmptyView
    - QMUIKit/QMUIComponents/QMUIPieProgressView
    - QMUIKit/QMUIComponents/QMUIZoomImageView
    - QMUIKit/QMUICore
    - QMUIKit/QMUIMainFrame
  - QMUIKit/QMUIComponents/QMUIKeyboardManager (4.3.0):
    - QMUIKit/QMUIComponents/QMUIAppearance
    - QMUIKit/QMUIComponents/QMUIMultipleDelegates
    - QMUIKit/QMUICore
  - QMUIKit/QMUIComponents/QMUILabel (4.3.0):
    - QMUIKit/QMUICore
  - QMUIKit/QMUIComponents/QMUILogManagerViewController (4.3.0):
    - QMUIKit/QMUIComponents/QMUIPopupMenuView
    - QMUIKit/QMUIComponents/QMUISearchController
    - QMUIKit/QMUIComponents/QMUIStaticTableView
    - QMUIKit/QMUIComponents/QMUITableView
    - QMUIKit/QMUICore
    - QMUIKit/QMUIMainFrame
  - QMUIKit/QMUIComponents/QMUILogWithConfigurationSupported (4.3.0):
    - QMUIKit/QMUICore
  - QMUIKit/QMUIComponents/QMUIMarqueeLabel (4.3.0):
    - QMUIKit/QMUICore
  - QMUIKit/QMUIComponents/QMUIModalPresentationViewController (4.3.0):
    - QMUIKit/QMUIComponents/QMUIAppearance
    - QMUIKit/QMUIComponents/QMUIKeyboardManager
    - QMUIKit/QMUICore
  - QMUIKit/QMUIComponents/QMUIMoreOperationController (4.3.0):
    - QMUIKit/QMUIComponents/QMUIAppearance
    - QMUIKit/QMUIComponents/QMUIButton
    - QMUIKit/QMUIComponents/QMUIModalPresentationViewController
    - QMUIKit/QMUICore
  - QMUIKit/QMUIComponents/QMUIMultipleDelegates (4.3.0):
    - QMUIKit/QMUICore
  - QMUIKit/QMUIComponents/QMUINavigationButton (4.3.0):
    - QMUIKit/QMUICore
    - QMUIKit/QMUIMainFrame
  - QMUIKit/QMUIComponents/QMUINavigationTitleView (4.3.0):
    - QMUIKit/QMUIComponents/QMUIAppearance
    - QMUIKit/QMUIComponents/QMUIButton
    - QMUIKit/QMUICore
  - QMUIKit/QMUIComponents/QMUIOrderedDictionary (4.3.0):
    - QMUIKit/QMUICore
  - QMUIKit/QMUIComponents/QMUIPieProgressView (4.3.0):
    - QMUIKit/QMUICore
  - QMUIKit/QMUIComponents/QMUIPopupContainerView (4.3.0):
    - QMUIKit/QMUIComponents/QMUIAppearance
    - QMUIKit/QMUICore
    - QMUIKit/QMUIMainFrame
  - QMUIKit/QMUIComponents/QMUIPopupMenuView (4.3.0):
    - QMUIKit/QMUIComponents/QMUIButton
    - QMUIKit/QMUIComponents/QMUIPopupContainerView
    - QMUIKit/QMUICore
  - QMUIKit/QMUIComponents/QMUIScrollAnimator (4.3.0):
    - QMUIKit/QMUIComponents/QMUIMultipleDelegates
    - QMUIKit/QMUICore
  - QMUIKit/QMUIComponents/QMUISearchBar (4.3.0):
    - QMUIKit/QMUICore
  - QMUIKit/QMUIComponents/QMUISearchController (4.3.0):
    - QMUIKit/QMUIComponents/QMUIEmptyView
    - QMUIKit/QMUIComponents/QMUISearchBar
    - QMUIKit/QMUICore
    - QMUIKit/QMUIMainFrame
  - QMUIKit/QMUIComponents/QMUISegmentedControl (4.3.0):
    - QMUIKit/QMUICore
  - QMUIKit/QMUIComponents/QMUISlider (4.3.0):
    - QMUIKit/QMUICore
  - QMUIKit/QMUIComponents/QMUIStaticTableView (4.3.0):
    - QMUIKit/QMUIComponents/QMUIMultipleDelegates
    - QMUIKit/QMUIComponents/QMUITableViewCell
    - QMUIKit/QMUICore
  - QMUIKit/QMUIComponents/QMUITableView (4.3.0):
    - QMUIKit/QMUIComponents/QMUITableViewProtocols
    - QMUIKit/QMUICore
  - QMUIKit/QMUIComponents/QMUITableViewCell (4.3.0):
    - QMUIKit/QMUIComponents/QMUIButton
    - QMUIKit/QMUICore
  - QMUIKit/QMUIComponents/QMUITableViewHeaderFooterView (4.3.0):
    - QMUIKit/QMUICore
  - QMUIKit/QMUIComponents/QMUITableViewProtocols (4.3.0):
    - QMUIKit/QMUICore
  - QMUIKit/QMUIComponents/QMUITestView (4.3.0):
    - QMUIKit/QMUICore
  - QMUIKit/QMUIComponents/QMUITextField (4.3.0):
    - QMUIKit/QMUIComponents/QMUIMultipleDelegates
    - QMUIKit/QMUICore
  - QMUIKit/QMUIComponents/QMUITextView (4.3.0):
    - QMUIKit/QMUIComponents/QMUILabel
    - QMUIKit/QMUIComponents/QMUIMultipleDelegates
    - QMUIKit/QMUICore
  - QMUIKit/QMUIComponents/QMUITheme (4.3.0):
    - QMUIKit/QMUIComponents/QMUIAlertController
    - QMUIKit/QMUIComponents/QMUIBadge
    - QMUIKit/QMUIComponents/QMUIButton
    - QMUIKit/QMUIComponents/QMUIConsole
    - QMUIKit/QMUIComponents/QMUIEmotionView
    - QMUIKit/QMUIComponents/QMUIEmptyView
    - QMUIKit/QMUIComponents/QMUIFillButton
    - QMUIKit/QMUIComponents/QMUIGhostButton
    - QMUIKit/QMUIComponents/QMUIGridView
    - QMUIKit/QMUIComponents/QMUIImagePickerLibrary
    - QMUIKit/QMUIComponents/QMUIImagePreviewView
    - QMUIKit/QMUIComponents/QMUILabel
    - QMUIKit/QMUIComponents/QMUIModalPresentationViewController
    - QMUIKit/QMUIComponents/QMUIPopupContainerView
    - QMUIKit/QMUIComponents/QMUIPopupMenuView
    - QMUIKit/QMUIComponents/QMUISlider
    - QMUIKit/QMUIComponents/QMUITextField
    - QMUIKit/QMUIComponents/QMUITextView
    - QMUIKit/QMUIComponents/QMUIToastView
    - QMUIKit/QMUICore
  - QMUIKit/QMUIComponents/QMUITips (4.3.0):
    - QMUIKit/QMUIComponents/QMUIToastView
    - QMUIKit/QMUICore
    - QMUIKit/QMUIResources
  - QMUIKit/QMUIComponents/QMUIToastView (4.3.0):
    - QMUIKit/QMUIComponents/QMUIKeyboardManager
    - QMUIKit/QMUICore
  - QMUIKit/QMUIComponents/QMUIToolbarButton (4.3.0):
    - QMUIKit/QMUICore
  - QMUIKit/QMUIComponents/QMUIWindowSizeMonitor (4.3.0):
    - QMUIKit/QMUICore
  - QMUIKit/QMUIComponents/QMUIZoomImageView (4.3.0):
    - QMUIKit/QMUIComponents/QMUIAssetLibrary
    - QMUIKit/QMUIComponents/QMUIButton
    - QMUIKit/QMUIComponents/QMUIEmptyView
    - QMUIKit/QMUIComponents/QMUIPieProgressView
    - QMUIKit/QMUIComponents/QMUISlider
    - QMUIKit/QMUICore
    - QMUIKit/QMUIResources
  - QMUIKit/QMUICore (4.3.0):
    - QMUIKit/QMUILog
    - QMUIKit/QMUIWeakObjectContainer
  - QMUIKit/QMUILog (4.3.0)
  - QMUIKit/QMUIMainFrame (4.3.0):
    - QMUIKit/QMUIComponents/QMUIEmptyView
    - QMUIKit/QMUIComponents/QMUIKeyboardManager
    - QMUIKit/QMUIComponents/QMUIMultipleDelegates
    - QMUIKit/QMUIComponents/QMUINavigationTitleView
    - QMUIKit/QMUIComponents/QMUITableView
    - QMUIKit/QMUIComponents/QMUITableViewHeaderFooterView
    - QMUIKit/QMUICore
    - QMUIKit/QMUILog
  - QMUIKit/QMUIResources (4.3.0)
  - QMUIKit/QMUIWeakObjectContainer (4.3.0)
  - R.swift (5.2.2):
    - R.swift.Library (~> 5.2.0)
  - R.swift.Library (5.2.0)
  - ReactiveObjC (3.1.1)
  - RRSwipeCell (0.1.1)
  - RxCocoa (5.1.1):
    - RxRelay (~> 5)
    - RxSwift (~> 5)
  - RxRelay (5.1.1):
    - RxSwift (~> 5)
  - RxSwift (5.1.1)
  - SDCycleScrollView (1.82):
    - SDWebImage (>= 5.0.0)
  - SDWebImage (5.11.1):
    - SDWebImage/Core (= 5.11.1)
  - SDWebImage/Core (5.11.1)
  - SGQRCode (3.0.1)
  - SJBaseVideoPlayer (3.7.6):
    - Masonry
    - SJBaseVideoPlayer/AVPlayer (= 3.7.6)
    - SJBaseVideoPlayer/Common (= 3.7.6)
    - SJUIKit/AttributesFactory (>= 0.0.0.38)
    - SJUIKit/ObserverHelper
    - SJUIKit/Queues
    - SJUIKit/SQLite3
  - SJBaseVideoPlayer/AVPlayer (3.7.6):
    - Masonry
    - SJBaseVideoPlayer/Common
    - SJUIKit/AttributesFactory (>= 0.0.0.38)
    - SJUIKit/ObserverHelper
    - SJUIKit/Queues
    - SJUIKit/SQLite3
  - SJBaseVideoPlayer/Common (3.7.6):
    - Masonry
    - SJBaseVideoPlayer/ResourceLoader
    - SJUIKit/AttributesFactory (>= 0.0.0.38)
    - SJUIKit/ObserverHelper
    - SJUIKit/Queues
    - SJUIKit/SQLite3
  - SJBaseVideoPlayer/ResourceLoader (3.7.6):
    - Masonry
    - SJUIKit/AttributesFactory (>= 0.0.0.38)
    - SJUIKit/ObserverHelper
    - SJUIKit/Queues
    - SJUIKit/SQLite3
  - SJUIKit (0.0.0.59):
    - SJUIKit/AsyncLoad (= 0.0.0.59)
    - SJUIKit/AttributesFactory (= 0.0.0.59)
    - SJUIKit/Base (= 0.0.0.59)
    - SJUIKit/CornerMask (= 0.0.0.59)
    - SJUIKit/Date (= 0.0.0.59)
    - SJUIKit/ObserverHelper (= 0.0.0.59)
    - SJUIKit/Other (= 0.0.0.59)
    - SJUIKit/PageViewController (= 0.0.0.59)
    - SJUIKit/Photo (= 0.0.0.59)
    - SJUIKit/PlaybackListController (= 0.0.0.59)
    - SJUIKit/Queues (= 0.0.0.59)
    - SJUIKit/Refresh (= 0.0.0.59)
    - SJUIKit/SQLite3 (= 0.0.0.59)
    - SJUIKit/Thread (= 0.0.0.59)
    - SJUIKit/UIMaker (= 0.0.0.59)
  - SJUIKit/AsyncLoad (0.0.0.59):
    - SJUIKit/CornerMask
  - SJUIKit/AttributesFactory (0.0.0.59):
    - SJUIKit/AttributesFactory/Deprecated (= 0.0.0.59)
    - SJUIKit/AttributesFactory/UIKitText (= 0.0.0.59)
  - SJUIKit/AttributesFactory/Deprecated (0.0.0.59)
  - SJUIKit/AttributesFactory/UIKitText (0.0.0.59)
  - SJUIKit/Base (0.0.0.59):
    - SJUIKit/Base/Core (= 0.0.0.59)
    - SJUIKit/ObserverHelper
  - SJUIKit/Base/Core (0.0.0.59):
    - SJUIKit/ObserverHelper
  - SJUIKit/CornerMask (0.0.0.59):
    - SJUIKit/ObserverHelper
  - SJUIKit/Date (0.0.0.59)
  - SJUIKit/ObserverHelper (0.0.0.59)
  - SJUIKit/Other (0.0.0.59):
    - SJUIKit/Date
  - SJUIKit/PageViewController (0.0.0.59):
    - SJUIKit/PageViewController/Core (= 0.0.0.59)
  - SJUIKit/PageViewController/Core (0.0.0.59)
  - SJUIKit/Photo (0.0.0.59)
  - SJUIKit/PlaybackListController (0.0.0.59)
  - SJUIKit/Queues (0.0.0.59)
  - SJUIKit/Refresh (0.0.0.59):
    - MJRefresh
  - SJUIKit/SQLite3 (0.0.0.59):
    - SJUIKit/SQLite3/Core (= 0.0.0.59)
    - SJUIKit/SQLite3/Protocol (= 0.0.0.59)
    - YYModel
  - SJUIKit/SQLite3/Core (0.0.0.59):
    - SJUIKit/SQLite3/Protocol
    - YYModel
  - SJUIKit/SQLite3/Protocol (0.0.0.59):
    - YYModel
  - SJUIKit/Thread (0.0.0.59)
  - SJUIKit/UIMaker (0.0.0.59):
    - SJUIKit/UIMaker/Core (= 0.0.0.59)
  - SJUIKit/UIMaker/Core (0.0.0.59)
  - SJVideoPlayer (3.4.2.2):
    - SJVideoPlayer/Common (= 3.4.2.2)
    - SJVideoPlayer/ControlLayers (= 3.4.2.2)
    - SJVideoPlayer/ResourceLoader (= 3.4.2.2)
  - SJVideoPlayer/Common (3.4.2.2):
    - Masonry
    - SJBaseVideoPlayer
    - SJUIKit/AttributesFactory
    - SJVideoPlayer/ResourceLoader
  - SJVideoPlayer/ControlLayers (3.4.2.2):
    - SJVideoPlayer/Common
  - SJVideoPlayer/ResourceLoader (3.4.2.2)
  - SnapKit (5.0.1)
  - SocketRocket (0.5.1)
  - SVProgressHUD (2.1.2)
  - Toast (3.1.0)
  - Toast-Swift (5.0.1)
  - TUIChat (6.6.3002):
    - ReactiveObjC
    - SDWebImage
    - TUICore
  - TUIContact (6.6.3002):
    - ReactiveObjC
    - TUICore
  - TUIConversation (6.6.3002):
    - ReactiveObjC
    - TUICore
  - TUICore (6.6.3002):
    - SDWebImage
    - TUICore/ImSDK_Plus (= 6.6.3002)
  - TUICore/Base (6.6.3002):
    - SDWebImage
  - TUICore/ImSDK_Plus (6.6.3002):
    - SDWebImage
    - TUICore/Base
    - TXIMSDK_Plus_iOS
  - TUIGroup (6.6.3002):
    - ReactiveObjC
    - TUICore
  - TUIOfflinePush (6.6.3002):
    - TUICore
  - TXIMSDK_Plus_iOS (6.6.3002)
  - TZImagePickerController (3.2.9)
  - UICKeyChainStore (2.2.1)
  - UMABTest (1.0.1):
    - UMCommon
  - UMCCommonLog (2.0.2)
  - UMCommon (7.4.2):
    - UMDevice
  - UMDevice (3.1.0)
  - UMLink (1.2.0):
    - UMCommon
  - WMPageController (2.5.2)
  - XHLaunchAd (3.9.11):
    - FLAnimatedImage (~> 1.0.12)
  - XLForm (4.1.0)
  - YTKNetwork (3.0.5):
    - AFNetworking/NSURLSession (~> 4.0)
  - YYCategories (1.0.4):
    - YYCategories/no-arc (= 1.0.4)
  - YYCategories/no-arc (1.0.4)
  - YYModel (1.0.4)
  - YYText (1.0.7)

DEPENDENCIES:
  - AlipaySDK-iOS
  - BGFMDB (~> 2.0.9)
  - BiometricAuthentication
  - CYLTabBarController (~> 1.28.4)
  - DateTools (~> 2.0.0)
  - DBDebugToolkit (from `./LocalPods/DBDebugToolkit`)
  - DZNEmptyDataSet (~> 1.8.1)
  - EAIntroView (~> 2.12.0)
  - FDFullscreenPopGesture (~> 1.1)
  - HMSegmentedControl (~> 1.5.3)
  - IGListKit (~> 4.0.0)
  - IQKeyboardManager (~> 6.5.4)
  - JXCategoryView (~> 1.5.5)
  - JXPagingView/Pager (~> 2.0.0.0)
  - Masonry (~> 1.1.0)
  - MBProgressHUD (~> 1.0.0)
  - MJRefresh (~> 3.1.12)
  - MZFormSheetPresentationController (~> 2.4.3)
  - PPNumberButton (~> 0.8.0)
  - QMUIKit
  - R.swift
  - ReactiveObjC
  - RRSwipeCell (~> 0.1.1)
  - RxCocoa
  - RxSwift
  - SDCycleScrollView (~> 1.80)
  - SGQRCode (~> 3.0.1)
  - SJBaseVideoPlayer (from `./LocalPods/SJVideo/SJBaseVideoPlayer`)
  - SJUIKit (from `./LocalPods/SJVideo/SJUIKit`)
  - SJVideoPlayer (from `./LocalPods/SJVideo/SJVideoPlayer`)
  - SnapKit
  - SocketRocket (~> 0.5.1)
  - SVProgressHUD (~> 2.1.2)
  - Toast (~> 3.1.0)
  - Toast-Swift (~> 5.0.1)
  - TUIChat (from `./LocalPods/TUIKit/TUIChat`)
  - TUIContact (from `./LocalPods/TUIKit/TUIContact`)
  - TUIConversation (from `./LocalPods/TUIKit/TUIConversation`)
  - TUICore (from `./LocalPods/TUIKit/TUICore`)
  - TUIGroup (from `./LocalPods/TUIKit/TUIGroup`)
  - TUIOfflinePush (from `./LocalPods/TUIKit/TUIOfflinePush`)
  - TXIMSDK_Plus_iOS (~> 6.6.3002)
  - TZImagePickerController (~> 3.2.7)
  - UICKeyChainStore (~> 2.2.1)
  - UMABTest
  - UMCCommonLog
  - UMCommon
  - UMDevice
  - UMLink
  - WMPageController (~> 2.5.2)
  - XHLaunchAd (~> 3.9.8)
  - XLForm (~> 4.1.0)
  - YTKNetwork (~> 3.0.5)
  - YYCategories (~> 1.0.4)
  - YYModel (~> 1.0.4)
  - YYText (~> 1.0.7)

SPEC REPOS:
  https://mirrors.tuna.tsinghua.edu.cn/git/CocoaPods/Specs.git:
    - AFNetworking
    - AlipaySDK-iOS
    - BGFMDB
    - BiometricAuthentication
    - CYLTabBarController
    - DateTools
    - DZNEmptyDataSet
    - EAIntroView
    - EARestrictedScrollView
    - FDFullscreenPopGesture
    - FLAnimatedImage
    - HMSegmentedControl
    - IGListDiffKit
    - IGListKit
    - IQKeyboardManager
    - JXCategoryView
    - JXPagingView
    - Masonry
    - MBProgressHUD
    - MJRefresh
    - MZAppearance
    - MZFormSheetPresentationController
    - PPNumberButton
    - QMUIKit
    - R.swift
    - R.swift.Library
    - ReactiveObjC
    - RRSwipeCell
    - RxCocoa
    - RxRelay
    - RxSwift
    - SDCycleScrollView
    - SDWebImage
    - SGQRCode
    - SnapKit
    - SocketRocket
    - SVProgressHUD
    - Toast
    - Toast-Swift
    - TXIMSDK_Plus_iOS
    - TZImagePickerController
    - UICKeyChainStore
    - UMABTest
    - UMCCommonLog
    - UMCommon
    - UMDevice
    - UMLink
    - WMPageController
    - XHLaunchAd
    - XLForm
    - YTKNetwork
    - YYCategories
    - YYModel
    - YYText

EXTERNAL SOURCES:
  DBDebugToolkit:
    :path: "./LocalPods/DBDebugToolkit"
  SJBaseVideoPlayer:
    :path: "./LocalPods/SJVideo/SJBaseVideoPlayer"
  SJUIKit:
    :path: "./LocalPods/SJVideo/SJUIKit"
  SJVideoPlayer:
    :path: "./LocalPods/SJVideo/SJVideoPlayer"
  TUIChat:
    :path: "./LocalPods/TUIKit/TUIChat"
  TUIContact:
    :path: "./LocalPods/TUIKit/TUIContact"
  TUIConversation:
    :path: "./LocalPods/TUIKit/TUIConversation"
  TUICore:
    :path: "./LocalPods/TUIKit/TUICore"
  TUIGroup:
    :path: "./LocalPods/TUIKit/TUIGroup"
  TUIOfflinePush:
    :path: "./LocalPods/TUIKit/TUIOfflinePush"

SPEC CHECKSUMS:
  AFNetworking: 3bd23d814e976cd148d7d44c3ab78017b744cd58
  AlipaySDK-iOS: 8659cdb4403de7e5f26ad8b699864a9cbe53384c
  BGFMDB: 48e6823027232402a678acc7f71484b1fc9171d0
  BiometricAuthentication: 36445f3ab77699489f91995bed887be89890afac
  CYLTabBarController: edd9fecba9afa3f2e9e44ed50ca6dde69941f25f
  DateTools: 933ac9c490f21f92127cf690ccd8c397e0126caf
  DBDebugToolkit: 8f2b2a4f0a5d0a5279071dd462f5238941ccb32d
  DZNEmptyDataSet: 9525833b9e68ac21c30253e1d3d7076cc828eaa7
  EAIntroView: 249559079ddfdbe80e5bcb755c04c3b964b2ac27
  EARestrictedScrollView: b0c2a3f92fb2610bb44d71c5e4893777c89e45ef
  FDFullscreenPopGesture: a8a620179e3d9c40e8e00256dcee1c1a27c6d0f0
  FLAnimatedImage: 4a0b56255d9b05f18b6dd7ee06871be5d3b89e31
  HMSegmentedControl: f514c6dad47aa3065e0ed2e8046b73efc71221b9
  IGListDiffKit: 665d6cf43ce726e676013db9c7d6c4294259b6b2
  IGListKit: fd5a5d21935298f5849fa49d426843cff97b77c7
  IQKeyboardManager: 3a8b9e603f8b0eeaf5f096a1f2b2cfcf121992ef
  JXCategoryView: 0293fcb356f10a5c2e679dac0a1a5f1899ee0c87
  JXPagingView: da30adb74743852f7ef95fa894041953894ebd09
  Masonry: 678fab65091a9290e40e2832a55e7ab731aad201
  MBProgressHUD: 4890f671c94e8a0f3cf959aa731e9de2f036d71a
  MJRefresh: ee5b68f639775462faba4db0fd243baf4d42c2cf
  MZAppearance: 0c06d3fa9cc55142f1da14bc8631fbe8fd6e19d5
  MZFormSheetPresentationController: fbfdbad31884f16fac17fbe3c44c168306cc1095
  PPNumberButton: 4442ff64c21d91733057ca1b3dc05fb4df55f2c0
  QMUIKit: 67888be9aa0ee0b12b8a219fcea2eec900afd841
  R.swift: 7c52cdc57a66840ffe6cbd8a823d732059d42a32
  R.swift.Library: 5ba4f1631300caf9a4d890186930da85d540769d
  ReactiveObjC: 011caa393aa0383245f2dcf9bf02e86b80b36040
  RRSwipeCell: 28eb4c1201a3f12ed66184b803492c512d6ceba4
  RxCocoa: 32065309a38d29b5b0db858819b5bf9ef038b601
  RxRelay: d77f7d771495f43c556cbc43eebd1bb54d01e8e9
  RxSwift: 81470a2074fa8780320ea5fe4102807cb7118178
  SDCycleScrollView: a0d74c3384caa72bdfc81470bdbc8c14b3e1fbcf
  SDWebImage: a7f831e1a65eb5e285e3fb046a23fcfbf08e696d
  SGQRCode: bf02d60e18d6660a9d75ff1c8b9b467f064f054e
  SJBaseVideoPlayer: f15debaa8c1e27b63bdefc8caeec515e9c71d079
  SJUIKit: a40111941e408cc17d4c1c23495aa92999e814b0
  SJVideoPlayer: 497e20226ab7802fa86f311d7b381cc1c862e141
  SnapKit: 97b92857e3df3a0c71833cce143274bf6ef8e5eb
  SocketRocket: d57c7159b83c3c6655745cd15302aa24b6bae531
  SVProgressHUD: c404a55d78acbeb7ebb78b76d3faf986475a6994
  Toast: 14a93686d6c8bfe2727afd342414e35660a8a1f3
  Toast-Swift: 9b6a70f28b3bf0b96c40d46c0c4b9d6639846711
  TUIChat: 7f2e062bdc84e59e77f4d85839a792bbcbb0e616
  TUIContact: b7d3cc260596ba263d55aa47a7e25af473b33889
  TUIConversation: cc3f85d96bfceb94c4f24527ab9491e08112dd27
  TUICore: b6e557e053280752323fbdd0cc3e05d4b26b088e
  TUIGroup: 3f5bab6504c3696d5a89dc235e4a94b62d2eba5f
  TUIOfflinePush: 85005e455a4a4b47d496d33fdc90983ca4470e40
  TXIMSDK_Plus_iOS: b725bdb1521efd26e12e12506a9de736e8ad4a6e
  TZImagePickerController: 1f92968aa0e98a06b9e2eccca8560acc19254257
  UICKeyChainStore: ba3bff2c762b12db1e516f395c837dd25298b05e
  UMABTest: e35a7be1f4401640f780d95b403d98794d65c6aa
  UMCCommonLog: bea707e50c85cef4b0eb47cc5c7226bb843245ca
  UMCommon: 35b28c82a3a3be892f895628261edce11b6a9e3e
  UMDevice: 9ef8045b59e0479cff7062915c879a1af46fa094
  UMLink: d5047e2716c2571d120d890af0f7a41d1b5e5224
  WMPageController: 0c7624d2b48e4f1ab92371688cf6744ed701575d
  XHLaunchAd: 9d4abeca598c4262e9df10dd3346b07b9fe40926
  XLForm: 7ee02761be8a369d1ad1bbffe738b97083d94f3e
  YTKNetwork: a2337af4b444b5d0a658122fa3d8a425e2425716
  YYCategories: 6bcd4314c6661a561410dce4a793379ebd306abd
  YYModel: 2a7fdd96aaa4b86a824e26d0c517de8928c04b30
  YYText: 5c461d709e24d55a182d1441c41dc639a18a4849

PODFILE CHECKSUM: c20f26a6f482e52ec053271466410c082f7731c8

COCOAPODS: 1.12.1
